
Microsoft Visual Studio Solution File, Format Version 12.00
# Visual Studio 15
VisualStudioVersion = 15.0.28307.757
MinimumVisualStudioVersion = 10.0.40219.1
Project("{FAE04EC0-301F-11D3-BF4B-00C04F79EFBC}") = "ExampleApp", "ExampleApp\ExampleApp.csproj", "{B62FE4ED-EF7B-4BCB-B95A-816B5075CA32}"
EndProject
Global
	GlobalSection(SolutionConfigurationPlatforms) = preSolution
		Debug|Any CPU = Debug|Any CPU
		Release|Any CPU = Release|Any CPU
	EndGlobalSection
	GlobalSection(ProjectConfigurationPlatforms) = postSolution
		{B62FE4ED-EF7B-4BCB-B95A-816B5075CA32}.Debug|Any CPU.ActiveCfg = Debug|Any CPU
		{B62FE4ED-EF7B-4BCB-B95A-816B5075CA32}.Debug|Any CPU.Build.0 = Debug|Any CPU
		{B62FE4ED-EF7B-4BCB-B95A-816B5075CA32}.Release|Any CPU.ActiveCfg = Release|Any CPU
		{B62FE4ED-EF7B-4BCB-B95A-816B5075CA32}.Release|Any CPU.Build.0 = Release|Any CPU
	EndGlobalSection
	GlobalSection(SolutionProperties) = preSolution
		HideSolutionNode = FALSE
	EndGlobalSection
	GlobalSection(ExtensibilityGlobals) = postSolution
		SolutionGuid = {8F8FFF06-3496-465F-A498-A0E342080150}
	EndGlobalSection
EndGlobal
